// !$*UTF8*$!
{
	archiveVersion = 1;
	classes = {
	};
	objectVersion = 56;
	objects = {

/* Begin PBXBuildFile section */
		D6D3E79629A26BB700801E33 /* EntitySpriteManager.swift in Sources */ = {isa = PBXBuildFile; fileRef = D6D3E79529A26BB700801E33 /* EntitySpriteManager.swift */; };
		D6D3E79829A26BFA00801E33 /* SpriteManager.swift in Sources */ = {isa = PBXBuildFile; fileRef = D6D3E79729A26BFA00801E33 /* SpriteManager.swift */; };
		D6D3E79A29A26C1E00801E33 /* TileSpriteManager.swift in Sources */ = {isa = PBXBuildFile; fileRef = D6D3E79929A26C1E00801E33 /* TileSpriteManager.swift */; };
		D6E322D329995087000DC7E7 /* AppDelegate.swift in Sources */ = {isa = PBXBuildFile; fileRef = D6E322D229995087000DC7E7 /* AppDelegate.swift */; };
		D6E322D929995087000DC7E7 /* GameScene.swift in Sources */ = {isa = PBXBuildFile; fileRef = D6E322D829995087000DC7E7 /* GameScene.swift */; };
		D6E322DB29995087000DC7E7 /* ViewController.swift in Sources */ = {isa = PBXBuildFile; fileRef = D6E322DA29995087000DC7E7 /* ViewController.swift */; };
		D6E322DD29995089000DC7E7 /* Assets.xcassets in Resources */ = {isa = PBXBuildFile; fileRef = D6E322DC29995089000DC7E7 /* Assets.xcassets */; };
		D6E322E029995089000DC7E7 /* Main.storyboard in Resources */ = {isa = PBXBuildFile; fileRef = D6E322DE29995089000DC7E7 /* Main.storyboard */; };
		D6E322EB29995089000DC7E7 /* JobzForJuniorzTests.swift in Sources */ = {isa = PBXBuildFile; fileRef = D6E322EA29995089000DC7E7 /* JobzForJuniorzTests.swift */; };
		D6E322F529995089000DC7E7 /* JobzForJuniorzUITests.swift in Sources */ = {isa = PBXBuildFile; fileRef = D6E322F429995089000DC7E7 /* JobzForJuniorzUITests.swift */; };
		D6E322F729995089000DC7E7 /* JobzForJuniorzUITestsLaunchTests.swift in Sources */ = {isa = PBXBuildFile; fileRef = D6E322F629995089000DC7E7 /* JobzForJuniorzUITestsLaunchTests.swift */; };
		D6E32305299951F8000DC7E7 /* Tile.swift in Sources */ = {isa = PBXBuildFile; fileRef = D6E32304299951F8000DC7E7 /* Tile.swift */; };
		D6E323072999526F000DC7E7 /* Entity.swift in Sources */ = {isa = PBXBuildFile; fileRef = D6E323062999526F000DC7E7 /* Entity.swift */; };
		D6E3230A299952C2000DC7E7 /* Vector.swift in Sources */ = {isa = PBXBuildFile; fileRef = D6E32309299952C2000DC7E7 /* Vector.swift */; };
		D6E3230C29995480000DC7E7 /* Stack.swift in Sources */ = {isa = PBXBuildFile; fileRef = D6E3230B29995480000DC7E7 /* Stack.swift */; };
		D6E3230E29995752000DC7E7 /* Job.swift in Sources */ = {isa = PBXBuildFile; fileRef = D6E3230D29995752000DC7E7 /* Job.swift */; };
		D6E323102999584C000DC7E7 /* World.swift in Sources */ = {isa = PBXBuildFile; fileRef = D6E3230F2999584C000DC7E7 /* World.swift */; };
		D6E3231229995942000DC7E7 /* Queue.swift in Sources */ = {isa = PBXBuildFile; fileRef = D6E3231129995942000DC7E7 /* Queue.swift */; };
		D6E3231429996174000DC7E7 /* EntityTests.swift in Sources */ = {isa = PBXBuildFile; fileRef = D6E3231329996174000DC7E7 /* EntityTests.swift */; };
		D6E3231629996665000DC7E7 /* WorldTests.swift in Sources */ = {isa = PBXBuildFile; fileRef = D6E3231529996665000DC7E7 /* WorldTests.swift */; };
		D6E3231829997620000DC7E7 /* Requirement.swift in Sources */ = {isa = PBXBuildFile; fileRef = D6E3231729997620000DC7E7 /* Requirement.swift */; };
		D6E3231A2999B822000DC7E7 /* RequirementTests.swift in Sources */ = {isa = PBXBuildFile; fileRef = D6E323192999B822000DC7E7 /* RequirementTests.swift */; };
		D6E3231C2999BDFC000DC7E7 /* Item.swift in Sources */ = {isa = PBXBuildFile; fileRef = D6E3231B2999BDFC000DC7E7 /* Item.swift */; };
		D6E3231E2999BE34000DC7E7 /* ItemStack.swift in Sources */ = {isa = PBXBuildFile; fileRef = D6E3231D2999BE34000DC7E7 /* ItemStack.swift */; };
/* End PBXBuildFile section */

/* Begin PBXContainerItemProxy section */
		D6E322E729995089000DC7E7 /* PBXContainerItemProxy */ = {
			isa = PBXContainerItemProxy;
			containerPortal = D6E322C729995087000DC7E7 /* Project object */;
			proxyType = 1;
			remoteGlobalIDString = D6E322CE29995087000DC7E7;
			remoteInfo = JobzForJuniorz;
		};
		D6E322F129995089000DC7E7 /* PBXContainerItemProxy */ = {
			isa = PBXContainerItemProxy;
			containerPortal = D6E322C729995087000DC7E7 /* Project object */;
			proxyType = 1;
			remoteGlobalIDString = D6E322CE29995087000DC7E7;
			remoteInfo = JobzForJuniorz;
		};
/* End PBXContainerItemProxy section */

/* Begin PBXFileReference section */
		D6D3E79529A26BB700801E33 /* EntitySpriteManager.swift */ = {isa = PBXFileReference; lastKnownFileType = sourcecode.swift; path = EntitySpriteManager.swift; sourceTree = "<group>"; };
		D6D3E79729A26BFA00801E33 /* SpriteManager.swift */ = {isa = PBXFileReference; lastKnownFileType = sourcecode.swift; path = SpriteManager.swift; sourceTree = "<group>"; };
		D6D3E79929A26C1E00801E33 /* TileSpriteManager.swift */ = {isa = PBXFileReference; lastKnownFileType = sourcecode.swift; path = TileSpriteManager.swift; sourceTree = "<group>"; };
		D6E322CF29995087000DC7E7 /* JobzForJuniorz.app */ = {isa = PBXFileReference; explicitFileType = wrapper.application; includeInIndex = 0; path = JobzForJuniorz.app; sourceTree = BUILT_PRODUCTS_DIR; };
		D6E322D229995087000DC7E7 /* AppDelegate.swift */ = {isa = PBXFileReference; lastKnownFileType = sourcecode.swift; path = AppDelegate.swift; sourceTree = "<group>"; };
		D6E322D829995087000DC7E7 /* GameScene.swift */ = {isa = PBXFileReference; lastKnownFileType = sourcecode.swift; path = GameScene.swift; sourceTree = "<group>"; };
		D6E322DA29995087000DC7E7 /* ViewController.swift */ = {isa = PBXFileReference; lastKnownFileType = sourcecode.swift; path = ViewController.swift; sourceTree = "<group>"; };
		D6E322DC29995089000DC7E7 /* Assets.xcassets */ = {isa = PBXFileReference; lastKnownFileType = folder.assetcatalog; path = Assets.xcassets; sourceTree = "<group>"; };
		D6E322DF29995089000DC7E7 /* Base */ = {isa = PBXFileReference; lastKnownFileType = file.storyboard; name = Base; path = Base.lproj/Main.storyboard; sourceTree = "<group>"; };
		D6E322E129995089000DC7E7 /* JobzForJuniorz.entitlements */ = {isa = PBXFileReference; lastKnownFileType = text.plist.entitlements; path = JobzForJuniorz.entitlements; sourceTree = "<group>"; };
		D6E322E629995089000DC7E7 /* JobzForJuniorzTests.xctest */ = {isa = PBXFileReference; explicitFileType = wrapper.cfbundle; includeInIndex = 0; path = JobzForJuniorzTests.xctest; sourceTree = BUILT_PRODUCTS_DIR; };
		D6E322EA29995089000DC7E7 /* JobzForJuniorzTests.swift */ = {isa = PBXFileReference; lastKnownFileType = sourcecode.swift; path = JobzForJuniorzTests.swift; sourceTree = "<group>"; };
		D6E322F029995089000DC7E7 /* JobzForJuniorzUITests.xctest */ = {isa = PBXFileReference; explicitFileType = wrapper.cfbundle; includeInIndex = 0; path = JobzForJuniorzUITests.xctest; sourceTree = BUILT_PRODUCTS_DIR; };
		D6E322F429995089000DC7E7 /* JobzForJuniorzUITests.swift */ = {isa = PBXFileReference; lastKnownFileType = sourcecode.swift; path = JobzForJuniorzUITests.swift; sourceTree = "<group>"; };
		D6E322F629995089000DC7E7 /* JobzForJuniorzUITestsLaunchTests.swift */ = {isa = PBXFileReference; lastKnownFileType = sourcecode.swift; path = JobzForJuniorzUITestsLaunchTests.swift; sourceTree = "<group>"; };
		D6E32304299951F8000DC7E7 /* Tile.swift */ = {isa = PBXFileReference; lastKnownFileType = sourcecode.swift; path = Tile.swift; sourceTree = "<group>"; };
		D6E323062999526F000DC7E7 /* Entity.swift */ = {isa = PBXFileReference; lastKnownFileType = sourcecode.swift; path = Entity.swift; sourceTree = "<group>"; };
		D6E32309299952C2000DC7E7 /* Vector.swift */ = {isa = PBXFileReference; lastKnownFileType = sourcecode.swift; path = Vector.swift; sourceTree = "<group>"; };
		D6E3230B29995480000DC7E7 /* Stack.swift */ = {isa = PBXFileReference; lastKnownFileType = sourcecode.swift; path = Stack.swift; sourceTree = "<group>"; };
		D6E3230D29995752000DC7E7 /* Job.swift */ = {isa = PBXFileReference; lastKnownFileType = sourcecode.swift; path = Job.swift; sourceTree = "<group>"; };
		D6E3230F2999584C000DC7E7 /* World.swift */ = {isa = PBXFileReference; lastKnownFileType = sourcecode.swift; path = World.swift; sourceTree = "<group>"; };
		D6E3231129995942000DC7E7 /* Queue.swift */ = {isa = PBXFileReference; lastKnownFileType = sourcecode.swift; path = Queue.swift; sourceTree = "<group>"; };
		D6E3231329996174000DC7E7 /* EntityTests.swift */ = {isa = PBXFileReference; lastKnownFileType = sourcecode.swift; path = EntityTests.swift; sourceTree = "<group>"; };
		D6E3231529996665000DC7E7 /* WorldTests.swift */ = {isa = PBXFileReference; lastKnownFileType = sourcecode.swift; path = WorldTests.swift; sourceTree = "<group>"; };
		D6E3231729997620000DC7E7 /* Requirement.swift */ = {isa = PBXFileReference; lastKnownFileType = sourcecode.swift; path = Requirement.swift; sourceTree = "<group>"; };
		D6E323192999B822000DC7E7 /* RequirementTests.swift */ = {isa = PBXFileReference; lastKnownFileType = sourcecode.swift; path = RequirementTests.swift; sourceTree = "<group>"; };
		D6E3231B2999BDFC000DC7E7 /* Item.swift */ = {isa = PBXFileReference; lastKnownFileType = sourcecode.swift; path = Item.swift; sourceTree = "<group>"; };
		D6E3231D2999BE34000DC7E7 /* ItemStack.swift */ = {isa = PBXFileReference; lastKnownFileType = sourcecode.swift; path = ItemStack.swift; sourceTree = "<group>"; };
/* End PBXFileReference section */

/* Begin PBXFrameworksBuildPhase section */
		D6E322CC29995087000DC7E7 /* Frameworks */ = {
			isa = PBXFrameworksBuildPhase;
			buildActionMask = 2147483647;
			files = (
			);
			runOnlyForDeploymentPostprocessing = 0;
		};
		D6E322E329995089000DC7E7 /* Frameworks */ = {
			isa = PBXFrameworksBuildPhase;
			buildActionMask = 2147483647;
			files = (
			);
			runOnlyForDeploymentPostprocessing = 0;
		};
		D6E322ED29995089000DC7E7 /* Frameworks */ = {
			isa = PBXFrameworksBuildPhase;
			buildActionMask = 2147483647;
			files = (
			);
			runOnlyForDeploymentPostprocessing = 0;
		};
/* End PBXFrameworksBuildPhase section */

/* Begin PBXGroup section */
		D6D3E79429A26B7000801E33 /* View */ = {
			isa = PBXGroup;
			children = (
				D6D3E79529A26BB700801E33 /* EntitySpriteManager.swift */,
				D6D3E79729A26BFA00801E33 /* SpriteManager.swift */,
				D6D3E79929A26C1E00801E33 /* TileSpriteManager.swift */,
			);
			path = View;
			sourceTree = "<group>";
		};
		D6E322C629995087000DC7E7 = {
			isa = PBXGroup;
			children = (
				D6E322D129995087000DC7E7 /* JobzForJuniorz */,
				D6E322E929995089000DC7E7 /* JobzForJuniorzTests */,
				D6E322F329995089000DC7E7 /* JobzForJuniorzUITests */,
				D6E322D029995087000DC7E7 /* Products */,
			);
			sourceTree = "<group>";
		};
		D6E322D029995087000DC7E7 /* Products */ = {
			isa = PBXGroup;
			children = (
				D6E322CF29995087000DC7E7 /* JobzForJuniorz.app */,
				D6E322E629995089000DC7E7 /* JobzForJuniorzTests.xctest */,
				D6E322F029995089000DC7E7 /* JobzForJuniorzUITests.xctest */,
			);
			name = Products;
			sourceTree = "<group>";
		};
		D6E322D129995087000DC7E7 /* JobzForJuniorz */ = {
			isa = PBXGroup;
			children = (
				D6E322D229995087000DC7E7 /* AppDelegate.swift */,
				D6D3E79429A26B7000801E33 /* View */,
				D6E32303299951E8000DC7E7 /* Model */,
				D6E32308299952B6000DC7E7 /* Utils */,
				D6E322D829995087000DC7E7 /* GameScene.swift */,
				D6E322DA29995087000DC7E7 /* ViewController.swift */,
				D6E322DC29995089000DC7E7 /* Assets.xcassets */,
				D6E322DE29995089000DC7E7 /* Main.storyboard */,
				D6E322E129995089000DC7E7 /* JobzForJuniorz.entitlements */,
			);
			path = JobzForJuniorz;
			sourceTree = "<group>";
		};
		D6E322E929995089000DC7E7 /* JobzForJuniorzTests */ = {
			isa = PBXGroup;
			children = (
				D6E322EA29995089000DC7E7 /* JobzForJuniorzTests.swift */,
				D6E3231329996174000DC7E7 /* EntityTests.swift */,
				D6E3231529996665000DC7E7 /* WorldTests.swift */,
				D6E323192999B822000DC7E7 /* RequirementTests.swift */,
			);
			path = JobzForJuniorzTests;
			sourceTree = "<group>";
		};
		D6E322F329995089000DC7E7 /* JobzForJuniorzUITests */ = {
			isa = PBXGroup;
			children = (
				D6E322F429995089000DC7E7 /* JobzForJuniorzUITests.swift */,
				D6E322F629995089000DC7E7 /* JobzForJuniorzUITestsLaunchTests.swift */,
			);
			path = JobzForJuniorzUITests;
			sourceTree = "<group>";
		};
		D6E32303299951E8000DC7E7 /* Model */ = {
			isa = PBXGroup;
			children = (
				D6E32304299951F8000DC7E7 /* Tile.swift */,
				D6E323062999526F000DC7E7 /* Entity.swift */,
				D6E3230D29995752000DC7E7 /* Job.swift */,
				D6E3230F2999584C000DC7E7 /* World.swift */,
				D6E3231729997620000DC7E7 /* Requirement.swift */,
				D6E3231B2999BDFC000DC7E7 /* Item.swift */,
				D6E3231D2999BE34000DC7E7 /* ItemStack.swift */,
			);
			path = Model;
			sourceTree = "<group>";
		};
		D6E32308299952B6000DC7E7 /* Utils */ = {
			isa = PBXGroup;
			children = (
				D6E32309299952C2000DC7E7 /* Vector.swift */,
				D6E3230B29995480000DC7E7 /* Stack.swift */,
				D6E3231129995942000DC7E7 /* Queue.swift */,
			);
			path = Utils;
			sourceTree = "<group>";
		};
/* End PBXGroup section */

/* Begin PBXNativeTarget section */
		D6E322CE29995087000DC7E7 /* JobzForJuniorz */ = {
			isa = PBXNativeTarget;
			buildConfigurationList = D6E322FA29995089000DC7E7 /* Build configuration list for PBXNativeTarget "JobzForJuniorz" */;
			buildPhases = (
				D6E322CB29995087000DC7E7 /* Sources */,
				D6E322CC29995087000DC7E7 /* Frameworks */,
				D6E322CD29995087000DC7E7 /* Resources */,
			);
			buildRules = (
			);
			dependencies = (
			);
			name = JobzForJuniorz;
			productName = JobzForJuniorz;
			productReference = D6E322CF29995087000DC7E7 /* JobzForJuniorz.app */;
			productType = "com.apple.product-type.application";
		};
		D6E322E529995089000DC7E7 /* JobzForJuniorzTests */ = {
			isa = PBXNativeTarget;
			buildConfigurationList = D6E322FD29995089000DC7E7 /* Build configuration list for PBXNativeTarget "JobzForJuniorzTests" */;
			buildPhases = (
				D6E322E229995089000DC7E7 /* Sources */,
				D6E322E329995089000DC7E7 /* Frameworks */,
				D6E322E429995089000DC7E7 /* Resources */,
			);
			buildRules = (
			);
			dependencies = (
				D6E322E829995089000DC7E7 /* PBXTargetDependency */,
			);
			name = JobzForJuniorzTests;
			productName = JobzForJuniorzTests;
			productReference = D6E322E629995089000DC7E7 /* JobzForJuniorzTests.xctest */;
			productType = "com.apple.product-type.bundle.unit-test";
		};
		D6E322EF29995089000DC7E7 /* JobzForJuniorzUITests */ = {
			isa = PBXNativeTarget;
			buildConfigurationList = D6E3230029995089000DC7E7 /* Build configuration list for PBXNativeTarget "JobzForJuniorzUITests" */;
			buildPhases = (
				D6E322EC29995089000DC7E7 /* Sources */,
				D6E322ED29995089000DC7E7 /* Frameworks */,
				D6E322EE29995089000DC7E7 /* Resources */,
			);
			buildRules = (
			);
			dependencies = (
				D6E322F229995089000DC7E7 /* PBXTargetDependency */,
			);
			name = JobzForJuniorzUITests;
			productName = JobzForJuniorzUITests;
			productReference = D6E322F029995089000DC7E7 /* JobzForJuniorzUITests.xctest */;
			productType = "com.apple.product-type.bundle.ui-testing";
		};
/* End PBXNativeTarget section */

/* Begin PBXProject section */
		D6E322C729995087000DC7E7 /* Project object */ = {
			isa = PBXProject;
			attributes = {
				BuildIndependentTargetsInParallel = 1;
				LastSwiftUpdateCheck = 1420;
				LastUpgradeCheck = 1420;
				TargetAttributes = {
					D6E322CE29995087000DC7E7 = {
						CreatedOnToolsVersion = 14.2;
					};
					D6E322E529995089000DC7E7 = {
						CreatedOnToolsVersion = 14.2;
						TestTargetID = D6E322CE29995087000DC7E7;
					};
					D6E322EF29995089000DC7E7 = {
						CreatedOnToolsVersion = 14.2;
						TestTargetID = D6E322CE29995087000DC7E7;
					};
				};
			};
			buildConfigurationList = D6E322CA29995087000DC7E7 /* Build configuration list for PBXProject "JobzForJuniorz" */;
			compatibilityVersion = "Xcode 14.0";
			developmentRegion = en;
			hasScannedForEncodings = 0;
			knownRegions = (
				en,
				Base,
			);
			mainGroup = D6E322C629995087000DC7E7;
			productRefGroup = D6E322D029995087000DC7E7 /* Products */;
			projectDirPath = "";
			projectRoot = "";
			targets = (
				D6E322CE29995087000DC7E7 /* JobzForJuniorz */,
				D6E322E529995089000DC7E7 /* JobzForJuniorzTests */,
				D6E322EF29995089000DC7E7 /* JobzForJuniorzUITests */,
			);
		};
/* End PBXProject section */

/* Begin PBXResourcesBuildPhase section */
		D6E322CD29995087000DC7E7 /* Resources */ = {
			isa = PBXResourcesBuildPhase;
			buildActionMask = 2147483647;
			files = (
				D6E322DD29995089000DC7E7 /* Assets.xcassets in Resources */,
				D6E322E029995089000DC7E7 /* Main.storyboard in Resources */,
			);
			runOnlyForDeploymentPostprocessing = 0;
		};
		D6E322E429995089000DC7E7 /* Resources */ = {
			isa = PBXResourcesBuildPhase;
			buildActionMask = 2147483647;
			files = (
			);
			runOnlyForDeploymentPostprocessing = 0;
		};
		D6E322EE29995089000DC7E7 /* Resources */ = {
			isa = PBXResourcesBuildPhase;
			buildActionMask = 2147483647;
			files = (
			);
			runOnlyForDeploymentPostprocessing = 0;
		};
/* End PBXResourcesBuildPhase section */

/* Begin PBXSourcesBuildPhase section */
		D6E322CB29995087000DC7E7 /* Sources */ = {
			isa = PBXSourcesBuildPhase;
			buildActionMask = 2147483647;
			files = (
				D6E323102999584C000DC7E7 /* World.swift in Sources */,
				D6D3E79629A26BB700801E33 /* EntitySpriteManager.swift in Sources */,
				D6D3E79A29A26C1E00801E33 /* TileSpriteManager.swift in Sources */,
				D6E322DB29995087000DC7E7 /* ViewController.swift in Sources */,
				D6E323072999526F000DC7E7 /* Entity.swift in Sources */,
				D6E3230C29995480000DC7E7 /* Stack.swift in Sources */,
				D6E3231C2999BDFC000DC7E7 /* Item.swift in Sources */,
				D6D3E79829A26BFA00801E33 /* SpriteManager.swift in Sources */,
				D6E3231E2999BE34000DC7E7 /* ItemStack.swift in Sources */,
				D6E3231829997620000DC7E7 /* Requirement.swift in Sources */,
				D6E322D929995087000DC7E7 /* GameScene.swift in Sources */,
				D6E3231229995942000DC7E7 /* Queue.swift in Sources */,
				D6E322D329995087000DC7E7 /* AppDelegate.swift in Sources */,
				D6E3230A299952C2000DC7E7 /* Vector.swift in Sources */,
				D6E32305299951F8000DC7E7 /* Tile.swift in Sources */,
				D6E3230E29995752000DC7E7 /* Job.swift in Sources */,
			);
			runOnlyForDeploymentPostprocessing = 0;
		};
		D6E322E229995089000DC7E7 /* Sources */ = {
			isa = PBXSourcesBuildPhase;
			buildActionMask = 2147483647;
			files = (
				D6E3231629996665000DC7E7 /* WorldTests.swift in Sources */,
				D6E3231A2999B822000DC7E7 /* RequirementTests.swift in Sources */,
				D6E3231429996174000DC7E7 /* EntityTests.swift in Sources */,
				D6E322EB29995089000DC7E7 /* JobzForJuniorzTests.swift in Sources */,
			);
			runOnlyForDeploymentPostprocessing = 0;
		};
		D6E322EC29995089000DC7E7 /* Sources */ = {
			isa = PBXSourcesBuildPhase;
			buildActionMask = 2147483647;
			files = (
				D6E322F529995089000DC7E7 /* JobzForJuniorzUITests.swift in Sources */,
				D6E322F729995089000DC7E7 /* JobzForJuniorzUITestsLaunchTests.swift in Sources */,
			);
			runOnlyForDeploymentPostprocessing = 0;
		};
/* End PBXSourcesBuildPhase section */

/* Begin PBXTargetDependency section */
		D6E322E829995089000DC7E7 /* PBXTargetDependency */ = {
			isa = PBXTargetDependency;
			target = D6E322CE29995087000DC7E7 /* JobzForJuniorz */;
			targetProxy = D6E322E729995089000DC7E7 /* PBXContainerItemProxy */;
		};
		D6E322F229995089000DC7E7 /* PBXTargetDependency */ = {
			isa = PBXTargetDependency;
			target = D6E322CE29995087000DC7E7 /* JobzForJuniorz */;
			targetProxy = D6E322F129995089000DC7E7 /* PBXContainerItemProxy */;
		};
/* End PBXTargetDependency section */

/* Begin PBXVariantGroup section */
		D6E322DE29995089000DC7E7 /* Main.storyboard */ = {
			isa = PBXVariantGroup;
			children = (
				D6E322DF29995089000DC7E7 /* Base */,
			);
			name = Main.storyboard;
			sourceTree = "<group>";
		};
/* End PBXVariantGroup section */

/* Begin XCBuildConfiguration section */
		D6E322F829995089000DC7E7 /* Debug */ = {
			isa = XCBuildConfiguration;
			buildSettings = {
				ALWAYS_SEARCH_USER_PATHS = NO;
				CLANG_ANALYZER_NONNULL = YES;
				CLANG_ANALYZER_NUMBER_OBJECT_CONVERSION = YES_AGGRESSIVE;
				CLANG_CXX_LANGUAGE_STANDARD = "gnu++20";
				CLANG_ENABLE_MODULES = YES;
				CLANG_ENABLE_OBJC_ARC = YES;
				CLANG_ENABLE_OBJC_WEAK = YES;
				CLANG_WARN_BLOCK_CAPTURE_AUTORELEASING = YES;
				CLANG_WARN_BOOL_CONVERSION = YES;
				CLANG_WARN_COMMA = YES;
				CLANG_WARN_CONSTANT_CONVERSION = YES;
				CLANG_WARN_DEPRECATED_OBJC_IMPLEMENTATIONS = YES;
				CLANG_WARN_DIRECT_OBJC_ISA_USAGE = YES_ERROR;
				CLANG_WARN_DOCUMENTATION_COMMENTS = YES;
				CLANG_WARN_EMPTY_BODY = YES;
				CLANG_WARN_ENUM_CONVERSION = YES;
				CLANG_WARN_INFINITE_RECURSION = YES;
				CLANG_WARN_INT_CONVERSION = YES;
				CLANG_WARN_NON_LITERAL_NULL_CONVERSION = YES;
				CLANG_WARN_OBJC_IMPLICIT_RETAIN_SELF = YES;
				CLANG_WARN_OBJC_LITERAL_CONVERSION = YES;
				CLANG_WARN_OBJC_ROOT_CLASS = YES_ERROR;
				CLANG_WARN_QUOTED_INCLUDE_IN_FRAMEWORK_HEADER = YES;
				CLANG_WARN_RANGE_LOOP_ANALYSIS = YES;
				CLANG_WARN_STRICT_PROTOTYPES = YES;
				CLANG_WARN_SUSPICIOUS_MOVE = YES;
				CLANG_WARN_UNGUARDED_AVAILABILITY = YES_AGGRESSIVE;
				CLANG_WARN_UNREACHABLE_CODE = YES;
				CLANG_WARN__DUPLICATE_METHOD_MATCH = YES;
				COPY_PHASE_STRIP = NO;
				DEBUG_INFORMATION_FORMAT = dwarf;
				ENABLE_STRICT_OBJC_MSGSEND = YES;
				ENABLE_TESTABILITY = YES;
				GCC_C_LANGUAGE_STANDARD = gnu11;
				GCC_DYNAMIC_NO_PIC = NO;
				GCC_NO_COMMON_BLOCKS = YES;
				GCC_OPTIMIZATION_LEVEL = 0;
				GCC_PREPROCESSOR_DEFINITIONS = (
					"DEBUG=1",
					"$(inherited)",
				);
				GCC_WARN_64_TO_32_BIT_CONVERSION = YES;
				GCC_WARN_ABOUT_RETURN_TYPE = YES_ERROR;
				GCC_WARN_UNDECLARED_SELECTOR = YES;
				GCC_WARN_UNINITIALIZED_AUTOS = YES_AGGRESSIVE;
				GCC_WARN_UNUSED_FUNCTION = YES;
				GCC_WARN_UNUSED_VARIABLE = YES;
				MACOSX_DEPLOYMENT_TARGET = 13.1;
				MTL_ENABLE_DEBUG_INFO = INCLUDE_SOURCE;
				MTL_FAST_MATH = YES;
				ONLY_ACTIVE_ARCH = YES;
				SDKROOT = macosx;
				SWIFT_ACTIVE_COMPILATION_CONDITIONS = DEBUG;
				SWIFT_OPTIMIZATION_LEVEL = "-Onone";
			};
			name = Debug;
		};
		D6E322F929995089000DC7E7 /* Release */ = {
			isa = XCBuildConfiguration;
			buildSettings = {
				ALWAYS_SEARCH_USER_PATHS = NO;
				CLANG_ANALYZER_NONNULL = YES;
				CLANG_ANALYZER_NUMBER_OBJECT_CONVERSION = YES_AGGRESSIVE;
				CLANG_CXX_LANGUAGE_STANDARD = "gnu++20";
				CLANG_ENABLE_MODULES = YES;
				CLANG_ENABLE_OBJC_ARC = YES;
				CLANG_ENABLE_OBJC_WEAK = YES;
				CLANG_WARN_BLOCK_CAPTURE_AUTORELEASING = YES;
				CLANG_WARN_BOOL_CONVERSION = YES;
				CLANG_WARN_COMMA = YES;
				CLANG_WARN_CONSTANT_CONVERSION = YES;
				CLANG_WARN_DEPRECATED_OBJC_IMPLEMENTATIONS = YES;
				CLANG_WARN_DIRECT_OBJC_ISA_USAGE = YES_ERROR;
				CLANG_WARN_DOCUMENTATION_COMMENTS = YES;
				CLANG_WARN_EMPTY_BODY = YES;
				CLANG_WARN_ENUM_CONVERSION = YES;
				CLANG_WARN_INFINITE_RECURSION = YES;
				CLANG_WARN_INT_CONVERSION = YES;
				CLANG_WARN_NON_LITERAL_NULL_CONVERSION = YES;
				CLANG_WARN_OBJC_IMPLICIT_RETAIN_SELF = YES;
				CLANG_WARN_OBJC_LITERAL_CONVERSION = YES;
				CLANG_WARN_OBJC_ROOT_CLASS = YES_ERROR;
				CLANG_WARN_QUOTED_INCLUDE_IN_FRAMEWORK_HEADER = YES;
				CLANG_WARN_RANGE_LOOP_ANALYSIS = YES;
				CLANG_WARN_STRICT_PROTOTYPES = YES;
				CLANG_WARN_SUSPICIOUS_MOVE = YES;
				CLANG_WARN_UNGUARDED_AVAILABILITY = YES_AGGRESSIVE;
				CLANG_WARN_UNREACHABLE_CODE = YES;
				CLANG_WARN__DUPLICATE_METHOD_MATCH = YES;
				COPY_PHASE_STRIP = NO;
				DEBUG_INFORMATION_FORMAT = "dwarf-with-dsym";
				ENABLE_NS_ASSERTIONS = NO;
				ENABLE_STRICT_OBJC_MSGSEND = YES;
				GCC_C_LANGUAGE_STANDARD = gnu11;
				GCC_NO_COMMON_BLOCKS = YES;
				GCC_WARN_64_TO_32_BIT_CONVERSION = YES;
				GCC_WARN_ABOUT_RETURN_TYPE = YES_ERROR;
				GCC_WARN_UNDECLARED_SELECTOR = YES;
				GCC_WARN_UNINITIALIZED_AUTOS = YES_AGGRESSIVE;
				GCC_WARN_UNUSED_FUNCTION = YES;
				GCC_WARN_UNUSED_VARIABLE = YES;
				MACOSX_DEPLOYMENT_TARGET = 13.1;
				MTL_ENABLE_DEBUG_INFO = NO;
				MTL_FAST_MATH = YES;
				SDKROOT = macosx;
				SWIFT_COMPILATION_MODE = wholemodule;
				SWIFT_OPTIMIZATION_LEVEL = "-O";
			};
			name = Release;
		};
		D6E322FB29995089000DC7E7 /* Debug */ = {
			isa = XCBuildConfiguration;
			buildSettings = {
				ASSETCATALOG_COMPILER_APPICON_NAME = AppIcon;
				ASSETCATALOG_COMPILER_GLOBAL_ACCENT_COLOR_NAME = AccentColor;
				CODE_SIGN_ENTITLEMENTS = JobzForJuniorz/JobzForJuniorz.entitlements;
				CODE_SIGN_STYLE = Automatic;
				COMBINE_HIDPI_IMAGES = YES;
				CURRENT_PROJECT_VERSION = 1;
				DEVELOPMENT_TEAM = 588PCRUA35;
				ENABLE_HARDENED_RUNTIME = YES;
				GENERATE_INFOPLIST_FILE = YES;
				INFOPLIST_KEY_NSHumanReadableCopyright = "";
				INFOPLIST_KEY_NSMainStoryboardFile = Main;
				INFOPLIST_KEY_NSPrincipalClass = NSApplication;
				LD_RUNPATH_SEARCH_PATHS = (
					"$(inherited)",
					"@executable_path/../Frameworks",
				);
				MARKETING_VERSION = 1.0;
				PRODUCT_BUNDLE_IDENTIFIER = com.LinwoodTechnologies.JobzForJuniorz;
				PRODUCT_NAME = "$(TARGET_NAME)";
				SWIFT_EMIT_LOC_STRINGS = YES;
				SWIFT_VERSION = 5.0;
			};
			name = Debug;
		};
		D6E322FC29995089000DC7E7 /* Release */ = {
			isa = XCBuildConfiguration;
			buildSettings = {
				ASSETCATALOG_COMPILER_APPICON_NAME = AppIcon;
				ASSETCATALOG_COMPILER_GLOBAL_ACCENT_COLOR_NAME = AccentColor;
				CODE_SIGN_ENTITLEMENTS = JobzForJuniorz/JobzForJuniorz.entitlements;
				CODE_SIGN_STYLE = Automatic;
				COMBINE_HIDPI_IMAGES = YES;
				CURRENT_PROJECT_VERSION = 1;
				DEVELOPMENT_TEAM = 588PCRUA35;
				ENABLE_HARDENED_RUNTIME = YES;
				GENERATE_INFOPLIST_FILE = YES;
				INFOPLIST_KEY_NSHumanReadableCopyright = "";
				INFOPLIST_KEY_NSMainStoryboardFile = Main;
				INFOPLIST_KEY_NSPrincipalClass = NSApplication;
				LD_RUNPATH_SEARCH_PATHS = (
					"$(inherited)",
					"@executable_path/../Frameworks",
				);
				MARKETING_VERSION = 1.0;
				PRODUCT_BUNDLE_IDENTIFIER = com.LinwoodTechnologies.JobzForJuniorz;
				PRODUCT_NAME = "$(TARGET_NAME)";
				SWIFT_EMIT_LOC_STRINGS = YES;
				SWIFT_VERSION = 5.0;
			};
			name = Release;
		};
		D6E322FE29995089000DC7E7 /* Debug */ = {
			isa = XCBuildConfiguration;
			buildSettings = {
				ALWAYS_EMBED_SWIFT_STANDARD_LIBRARIES = YES;
				BUNDLE_LOADER = "$(TEST_HOST)";
				CODE_SIGN_STYLE = Automatic;
				CURRENT_PROJECT_VERSION = 1;
				DEVELOPMENT_TEAM = 588PCRUA35;
				GENERATE_INFOPLIST_FILE = YES;
				MACOSX_DEPLOYMENT_TARGET = 13.1;
				MARKETING_VERSION = 1.0;
				PRODUCT_BUNDLE_IDENTIFIER = com.LinwoodTechnologies.JobzForJuniorzTests;
				PRODUCT_NAME = "$(TARGET_NAME)";
				SWIFT_EMIT_LOC_STRINGS = NO;
				SWIFT_VERSION = 5.0;
				TEST_HOST = "$(BUILT_PRODUCTS_DIR)/JobzForJuniorz.app/$(BUNDLE_EXECUTABLE_FOLDER_PATH)/JobzForJuniorz";
			};
			name = Debug;
		};
		D6E322FF29995089000DC7E7 /* Release */ = {
			isa = XCBuildConfiguration;
			buildSettings = {
				ALWAYS_EMBED_SWIFT_STANDARD_LIBRARIES = YES;
				BUNDLE_LOADER = "$(TEST_HOST)";
				CODE_SIGN_STYLE = Automatic;
				CURRENT_PROJECT_VERSION = 1;
				DEVELOPMENT_TEAM = 588PCRUA35;
				GENERATE_INFOPLIST_FILE = YES;
				MACOSX_DEPLOYMENT_TARGET = 13.1;
				MARKETING_VERSION = 1.0;
				PRODUCT_BUNDLE_IDENTIFIER = com.LinwoodTechnologies.JobzForJuniorzTests;
				PRODUCT_NAME = "$(TARGET_NAME)";
				SWIFT_EMIT_LOC_STRINGS = NO;
				SWIFT_VERSION = 5.0;
				TEST_HOST = "$(BUILT_PRODUCTS_DIR)/JobzForJuniorz.app/$(BUNDLE_EXECUTABLE_FOLDER_PATH)/JobzForJuniorz";
			};
			name = Release;
		};
		D6E3230129995089000DC7E7 /* Debug */ = {
			isa = XCBuildConfiguration;
			buildSettings = {
				ALWAYS_EMBED_SWIFT_STANDARD_LIBRARIES = YES;
				CODE_SIGN_STYLE = Automatic;
				CURRENT_PROJECT_VERSION = 1;
				DEVELOPMENT_TEAM = 588PCRUA35;
				GENERATE_INFOPLIST_FILE = YES;
				MARKETING_VERSION = 1.0;
				PRODUCT_BUNDLE_IDENTIFIER = com.LinwoodTechnologies.JobzForJuniorzUITests;
				PRODUCT_NAME = "$(TARGET_NAME)";
				SWIFT_EMIT_LOC_STRINGS = NO;
				SWIFT_VERSION = 5.0;
				TEST_TARGET_NAME = JobzForJuniorz;
			};
			name = Debug;
		};
		D6E3230229995089000DC7E7 /* Release */ = {
			isa = XCBuildConfiguration;
			buildSettings = {
				ALWAYS_EMBED_SWIFT_STANDARD_LIBRARIES = YES;
				CODE_SIGN_STYLE = Automatic;
				CURRENT_PROJECT_VERSION = 1;
				DEVELOPMENT_TEAM = 588PCRUA35;
				GENERATE_INFOPLIST_FILE = YES;
				MARKETING_VERSION = 1.0;
				PRODUCT_BUNDLE_IDENTIFIER = com.LinwoodTechnologies.JobzForJuniorzUITests;
				PRODUCT_NAME = "$(TARGET_NAME)";
				SWIFT_EMIT_LOC_STRINGS = NO;
				SWIFT_VERSION = 5.0;
				TEST_TARGET_NAME = JobzForJuniorz;
			};
			name = Release;
		};
/* End XCBuildConfiguration section */

/* Begin XCConfigurationList section */
		D6E322CA29995087000DC7E7 /* Build configuration list for PBXProject "JobzForJuniorz" */ = {
			isa = XCConfigurationList;
			buildConfigurations = (
				D6E322F829995089000DC7E7 /* Debug */,
				D6E322F929995089000DC7E7 /* Release */,
			);
			defaultConfigurationIsVisible = 0;
			defaultConfigurationName = Release;
		};
		D6E322FA29995089000DC7E7 /* Build configuration list for PBXNativeTarget "JobzForJuniorz" */ = {
			isa = XCConfigurationList;
			buildConfigurations = (
				D6E322FB29995089000DC7E7 /* Debug */,
				D6E322FC29995089000DC7E7 /* Release */,
			);
			defaultConfigurationIsVisible = 0;
			defaultConfigurationName = Release;
		};
		D6E322FD29995089000DC7E7 /* Build configuration list for PBXNativeTarget "JobzForJuniorzTests" */ = {
			isa = XCConfigurationList;
			buildConfigurations = (
				D6E322FE29995089000DC7E7 /* Debug */,
				D6E322FF29995089000DC7E7 /* Release */,
			);
			defaultConfigurationIsVisible = 0;
			defaultConfigurationName = Release;
		};
		D6E3230029995089000DC7E7 /* Build configuration list for PBXNativeTarget "JobzForJuniorzUITests" */ = {
			isa = XCConfigurationList;
			buildConfigurations = (
				D6E3230129995089000DC7E7 /* Debug */,
				D6E3230229995089000DC7E7 /* Release */,
			);
			defaultConfigurationIsVisible = 0;
			defaultConfigurationName = Release;
		};
/* End XCConfigurationList section */
	};
	rootObject = D6E322C729995087000DC7E7 /* Project object */;
}
